// !$*UTF8*$!
{
	archiveVersion = 1;
	classes = {
	};
	objectVersion = 56;
	objects = {

/* Begin PBXBuildFile section */
		97939FEC2BA1118600C4689E /* swiftui_drageApp.swift in Sources */ = {isa = PBXBuildFile; fileRef = 97939FEB2BA1118600C4689E /* swiftui_drageApp.swift */; };
		97939FEE2BA1118600C4689E /* ContentView.swift in Sources */ = {isa = PBXBuildFile; fileRef = 97939FED2BA1118600C4689E /* ContentView.swift */; };
		97939FF02BA1118800C4689E /* Assets.xcassets in Resources */ = {isa = PBXBuildFile; fileRef = 97939FEF2BA1118800C4689E /* Assets.xcassets */; };
		97939FF32BA1118800C4689E /* Preview Assets.xcassets in Resources */ = {isa = PBXBuildFile; fileRef = 97939FF22BA1118800C4689E /* Preview Assets.xcassets */; };
		97939FFE2BA1118900C4689E /* swiftui_drageTests.swift in Sources */ = {isa = PBXBuildFile; fileRef = 97939FFD2BA1118900C4689E /* swiftui_drageTests.swift */; };
		9793A0082BA1118900C4689E /* swiftui_drageUITests.swift in Sources */ = {isa = PBXBuildFile; fileRef = 9793A0072BA1118900C4689E /* swiftui_drageUITests.swift */; };
		9793A00A2BA1118900C4689E /* swiftui_drageUITestsLaunchTests.swift in Sources */ = {isa = PBXBuildFile; fileRef = 9793A0092BA1118900C4689E /* swiftui_drageUITestsLaunchTests.swift */; };
/* End PBXBuildFile section */

/* Begin PBXContainerItemProxy section */
		97939FFA2BA1118900C4689E /* PBXContainerItemProxy */ = {
			isa = PBXContainerItemProxy;
			containerPortal = 97939FE02BA1118600C4689E /* Project object */;
			proxyType = 1;
			remoteGlobalIDString = 97939FE72BA1118600C4689E;
			remoteInfo = "swiftui-drage";
		};
		9793A0042BA1118900C4689E /* PBXContainerItemProxy */ = {
			isa = PBXContainerItemProxy;
			containerPortal = 97939FE02BA1118600C4689E /* Project object */;
			proxyType = 1;
			remoteGlobalIDString = 97939FE72BA1118600C4689E;
			remoteInfo = "swiftui-drage";
		};
/* End PBXContainerItemProxy section */

/* Begin PBXFileReference section */
		97939FE82BA1118600C4689E /* swiftui-drage.app */ = {isa = PBXFileReference; explicitFileType = wrapper.application; includeInIndex = 0; path = "swiftui-drage.app"; sourceTree = BUILT_PRODUCTS_DIR; };
		97939FEB2BA1118600C4689E /* swiftui_drageApp.swift */ = {isa = PBXFileReference; lastKnownFileType = sourcecode.swift; path = swiftui_drageApp.swift; sourceTree = "<group>"; };
		97939FED2BA1118600C4689E /* ContentView.swift */ = {isa = PBXFileReference; lastKnownFileType = sourcecode.swift; path = ContentView.swift; sourceTree = "<group>"; };
		97939FEF2BA1118800C4689E /* Assets.xcassets */ = {isa = PBXFileReference; lastKnownFileType = folder.assetcatalog; path = Assets.xcassets; sourceTree = "<group>"; };
		97939FF22BA1118800C4689E /* Preview Assets.xcassets */ = {isa = PBXFileReference; lastKnownFileType = folder.assetcatalog; path = "Preview Assets.xcassets"; sourceTree = "<group>"; };
		97939FF42BA1118800C4689E /* swiftui_drage.entitlements */ = {isa = PBXFileReference; lastKnownFileType = text.plist.entitlements; path = swiftui_drage.entitlements; sourceTree = "<group>"; };
		97939FF92BA1118900C4689E /* swiftui-drageTests.xctest */ = {isa = PBXFileReference; explicitFileType = wrapper.cfbundle; includeInIndex = 0; path = "swiftui-drageTests.xctest"; sourceTree = BUILT_PRODUCTS_DIR; };
		97939FFD2BA1118900C4689E /* swiftui_drageTests.swift */ = {isa = PBXFileReference; lastKnownFileType = sourcecode.swift; path = swiftui_drageTests.swift; sourceTree = "<group>"; };
		9793A0032BA1118900C4689E /* swiftui-drageUITests.xctest */ = {isa = PBXFileReference; explicitFileType = wrapper.cfbundle; includeInIndex = 0; path = "swiftui-drageUITests.xctest"; sourceTree = BUILT_PRODUCTS_DIR; };
		9793A0072BA1118900C4689E /* swiftui_drageUITests.swift */ = {isa = PBXFileReference; lastKnownFileType = sourcecode.swift; path = swiftui_drageUITests.swift; sourceTree = "<group>"; };
		9793A0092BA1118900C4689E /* swiftui_drageUITestsLaunchTests.swift */ = {isa = PBXFileReference; lastKnownFileType = sourcecode.swift; path = swiftui_drageUITestsLaunchTests.swift; sourceTree = "<group>"; };
/* End PBXFileReference section */

/* Begin PBXFrameworksBuildPhase section */
		97939FE52BA1118600C4689E /* Frameworks */ = {
			isa = PBXFrameworksBuildPhase;
			buildActionMask = 2147483647;
			files = (
			);
			runOnlyForDeploymentPostprocessing = 0;
		};
		97939FF62BA1118900C4689E /* Frameworks */ = {
			isa = PBXFrameworksBuildPhase;
			buildActionMask = 2147483647;
			files = (
			);
			runOnlyForDeploymentPostprocessing = 0;
		};
		9793A0002BA1118900C4689E /* Frameworks */ = {
			isa = PBXFrameworksBuildPhase;
			buildActionMask = 2147483647;
			files = (
			);
			runOnlyForDeploymentPostprocessing = 0;
		};
/* End PBXFrameworksBuildPhase section */

/* Begin PBXGroup section */
		97939FDF2BA1118600C4689E = {
			isa = PBXGroup;
			children = (
				97939FEA2BA1118600C4689E /* swiftui-drage */,
				97939FFC2BA1118900C4689E /* swiftui-drageTests */,
				9793A0062BA1118900C4689E /* swiftui-drageUITests */,
				97939FE92BA1118600C4689E /* Products */,
			);
			sourceTree = "<group>";
		};
		97939FE92BA1118600C4689E /* Products */ = {
			isa = PBXGroup;
			children = (
				97939FE82BA1118600C4689E /* swiftui-drage.app */,
				97939FF92BA1118900C4689E /* swiftui-drageTests.xctest */,
				9793A0032BA1118900C4689E /* swiftui-drageUITests.xctest */,
			);
			name = Products;
			sourceTree = "<group>";
		};
		97939FEA2BA1118600C4689E /* swiftui-drage */ = {
			isa = PBXGroup;
			children = (
				97939FEB2BA1118600C4689E /* swiftui_drageApp.swift */,
				97939FED2BA1118600C4689E /* ContentView.swift */,
				97939FEF2BA1118800C4689E /* Assets.xcassets */,
				97939FF42BA1118800C4689E /* swiftui_drage.entitlements */,
				97939FF12BA1118800C4689E /* Preview Content */,
			);
			path = "swiftui-drage";
			sourceTree = "<group>";
		};
		97939FF12BA1118800C4689E /* Preview Content */ = {
			isa = PBXGroup;
			children = (
				97939FF22BA1118800C4689E /* Preview Assets.xcassets */,
			);
			path = "Preview Content";
			sourceTree = "<group>";
		};
		97939FFC2BA1118900C4689E /* swiftui-drageTests */ = {
			isa = PBXGroup;
			children = (
				97939FFD2BA1118900C4689E /* swiftui_drageTests.swift */,
			);
			path = "swiftui-drageTests";
			sourceTree = "<group>";
		};
		9793A0062BA1118900C4689E /* swiftui-drageUITests */ = {
			isa = PBXGroup;
			children = (
				9793A0072BA1118900C4689E /* swiftui_drageUITests.swift */,
				9793A0092BA1118900C4689E /* swiftui_drageUITestsLaunchTests.swift */,
			);
			path = "swiftui-drageUITests";
			sourceTree = "<group>";
		};
/* End PBXGroup section */

/* Begin PBXNativeTarget section */
		97939FE72BA1118600C4689E /* swiftui-drage */ = {
			isa = PBXNativeTarget;
			buildConfigurationList = 9793A00D2BA1118900C4689E /* Build configuration list for PBXNativeTarget "swiftui-drage" */;
			buildPhases = (
				97939FE42BA1118600C4689E /* Sources */,
				97939FE52BA1118600C4689E /* Frameworks */,
				97939FE62BA1118600C4689E /* Resources */,
			);
			buildRules = (
			);
			dependencies = (
			);
			name = "swiftui-drage";
			productName = "swiftui-drage";
			productReference = 97939FE82BA1118600C4689E /* swiftui-drage.app */;
			productType = "com.apple.product-type.application";
		};
		97939FF82BA1118900C4689E /* swiftui-drageTests */ = {
			isa = PBXNativeTarget;
			buildConfigurationList = 9793A0102BA1118900C4689E /* Build configuration list for PBXNativeTarget "swiftui-drageTests" */;
			buildPhases = (
				97939FF52BA1118900C4689E /* Sources */,
				97939FF62BA1118900C4689E /* Frameworks */,
				97939FF72BA1118900C4689E /* Resources */,
			);
			buildRules = (
			);
			dependencies = (
				97939FFB2BA1118900C4689E /* PBXTargetDependency */,
			);
			name = "swiftui-drageTests";
			productName = "swiftui-drageTests";
			productReference = 97939FF92BA1118900C4689E /* swiftui-drageTests.xctest */;
			productType = "com.apple.product-type.bundle.unit-test";
		};
		9793A0022BA1118900C4689E /* swiftui-drageUITests */ = {
			isa = PBXNativeTarget;
			buildConfigurationList = 9793A0132BA1118900C4689E /* Build configuration list for PBXNativeTarget "swiftui-drageUITests" */;
			buildPhases = (
				97939FFF2BA1118900C4689E /* Sources */,
				9793A0002BA1118900C4689E /* Frameworks */,
				9793A0012BA1118900C4689E /* Resources */,
			);
			buildRules = (
			);
			dependencies = (
				9793A0052BA1118900C4689E /* PBXTargetDependency */,
			);
			name = "swiftui-drageUITests";
			productName = "swiftui-drageUITests";
			productReference = 9793A0032BA1118900C4689E /* swiftui-drageUITests.xctest */;
			productType = "com.apple.product-type.bundle.ui-testing";
		};
/* End PBXNativeTarget section */

/* Begin PBXProject section */
		97939FE02BA1118600C4689E /* Project object */ = {
			isa = PBXProject;
			attributes = {
				BuildIndependentTargetsInParallel = 1;
				LastSwiftUpdateCheck = 1530;
				LastUpgradeCheck = 1530;
				TargetAttributes = {
					97939FE72BA1118600C4689E = {
						CreatedOnToolsVersion = 15.3;
					};
					97939FF82BA1118900C4689E = {
						CreatedOnToolsVersion = 15.3;
						TestTargetID = 97939FE72BA1118600C4689E;
					};
					9793A0022BA1118900C4689E = {
						CreatedOnToolsVersion = 15.3;
						TestTargetID = 97939FE72BA1118600C4689E;
					};
				};
			};
			buildConfigurationList = 97939FE32BA1118600C4689E /* Build configuration list for PBXProject "swiftui-drage" */;
			compatibilityVersion = "Xcode 14.0";
			developmentRegion = en;
			hasScannedForEncodings = 0;
			knownRegions = (
				en,
				Base,
			);
			mainGroup = 97939FDF2BA1118600C4689E;
			productRefGroup = 97939FE92BA1118600C4689E /* Products */;
			projectDirPath = "";
			projectRoot = "";
			targets = (
				97939FE72BA1118600C4689E /* swiftui-drage */,
				97939FF82BA1118900C4689E /* swiftui-drageTests */,
				9793A0022BA1118900C4689E /* swiftui-drageUITests */,
			);
		};
/* End PBXProject section */

/* Begin PBXResourcesBuildPhase section */
		97939FE62BA1118600C4689E /* Resources */ = {
			isa = PBXResourcesBuildPhase;
			buildActionMask = 2147483647;
			files = (
				97939FF32BA1118800C4689E /* Preview Assets.xcassets in Resources */,
				97939FF02BA1118800C4689E /* Assets.xcassets in Resources */,
			);
			runOnlyForDeploymentPostprocessing = 0;
		};
		97939FF72BA1118900C4689E /* Resources */ = {
			isa = PBXResourcesBuildPhase;
			buildActionMask = 2147483647;
			files = (
			);
			runOnlyForDeploymentPostprocessing = 0;
		};
		9793A0012BA1118900C4689E /* Resources */ = {
			isa = PBXResourcesBuildPhase;
			buildActionMask = 2147483647;
			files = (
			);
			runOnlyForDeploymentPostprocessing = 0;
		};
/* End PBXResourcesBuildPhase section */

/* Begin PBXSourcesBuildPhase section */
		97939FE42BA1118600C4689E /* Sources */ = {
			isa = PBXSourcesBuildPhase;
			buildActionMask = 2147483647;
			files = (
				97939FEE2BA1118600C4689E /* ContentView.swift in Sources */,
				97939FEC2BA1118600C4689E /* swiftui_drageApp.swift in Sources */,
			);
			runOnlyForDeploymentPostprocessing = 0;
		};
		97939FF52BA1118900C4689E /* Sources */ = {
			isa = PBXSourcesBuildPhase;
			buildActionMask = 2147483647;
			files = (
				97939FFE2BA1118900C4689E /* swiftui_drageTests.swift in Sources */,
			);
			runOnlyForDeploymentPostprocessing = 0;
		};
		97939FFF2BA1118900C4689E /* Sources */ = {
			isa = PBXSourcesBuildPhase;
			buildActionMask = 2147483647;
			files = (
				9793A00A2BA1118900C4689E /* swiftui_drageUITestsLaunchTests.swift in Sources */,
				9793A0082BA1118900C4689E /* swiftui_drageUITests.swift in Sources */,
			);
			runOnlyForDeploymentPostprocessing = 0;
		};
/* End PBXSourcesBuildPhase section */

/* Begin PBXTargetDependency section */
		97939FFB2BA1118900C4689E /* PBXTargetDependency */ = {
			isa = PBXTargetDependency;
			target = 97939FE72BA1118600C4689E /* swiftui-drage */;
			targetProxy = 97939FFA2BA1118900C4689E /* PBXContainerItemProxy */;
		};
		9793A0052BA1118900C4689E /* PBXTargetDependency */ = {
			isa = PBXTargetDependency;
			target = 97939FE72BA1118600C4689E /* swiftui-drage */;
			targetProxy = 9793A0042BA1118900C4689E /* PBXContainerItemProxy */;
		};
/* End PBXTargetDependency section */

/* Begin XCBuildConfiguration section */
		9793A00B2BA1118900C4689E /* Debug */ = {
			isa = XCBuildConfiguration;
			buildSettings = {
				ALWAYS_SEARCH_USER_PATHS = NO;
				ASSETCATALOG_COMPILER_GENERATE_SWIFT_ASSET_SYMBOL_EXTENSIONS = YES;
				CLANG_ANALYZER_NONNULL = YES;
				CLANG_ANALYZER_NUMBER_OBJECT_CONVERSION = YES_AGGRESSIVE;
				CLANG_CXX_LANGUAGE_STANDARD = "gnu++20";
				CLANG_ENABLE_MODULES = YES;
				CLANG_ENABLE_OBJC_ARC = YES;
				CLANG_ENABLE_OBJC_WEAK = YES;
				CLANG_WARN_BLOCK_CAPTURE_AUTORELEASING = YES;
				CLANG_WARN_BOOL_CONVERSION = YES;
				CLANG_WARN_COMMA = YES;
				CLANG_WARN_CONSTANT_CONVERSION = YES;
				CLANG_WARN_DEPRECATED_OBJC_IMPLEMENTATIONS = YES;
				CLANG_WARN_DIRECT_OBJC_ISA_USAGE = YES_ERROR;
				CLANG_WARN_DOCUMENTATION_COMMENTS = YES;
				CLANG_WARN_EMPTY_BODY = YES;
				CLANG_WARN_ENUM_CONVERSION = YES;
				CLANG_WARN_INFINITE_RECURSION = YES;
				CLANG_WARN_INT_CONVERSION = YES;
				CLANG_WARN_NON_LITERAL_NULL_CONVERSION = YES;
				CLANG_WARN_OBJC_IMPLICIT_RETAIN_SELF = YES;
				CLANG_WARN_OBJC_LITERAL_CONVERSION = YES;
				CLANG_WARN_OBJC_ROOT_CLASS = YES_ERROR;
				CLANG_WARN_QUOTED_INCLUDE_IN_FRAMEWORK_HEADER = YES;
				CLANG_WARN_RANGE_LOOP_ANALYSIS = YES;
				CLANG_WARN_STRICT_PROTOTYPES = YES;
				CLANG_WARN_SUSPICIOUS_MOVE = YES;
				CLANG_WARN_UNGUARDED_AVAILABILITY = YES_AGGRESSIVE;
				CLANG_WARN_UNREACHABLE_CODE = YES;
				CLANG_WARN__DUPLICATE_METHOD_MATCH = YES;
				COPY_PHASE_STRIP = NO;
				DEBUG_INFORMATION_FORMAT = dwarf;
				ENABLE_STRICT_OBJC_MSGSEND = YES;
				ENABLE_TESTABILITY = YES;
				ENABLE_USER_SCRIPT_SANDBOXING = YES;
				GCC_C_LANGUAGE_STANDARD = gnu17;
				GCC_DYNAMIC_NO_PIC = NO;
				GCC_NO_COMMON_BLOCKS = YES;
				GCC_OPTIMIZATION_LEVEL = 0;
				GCC_PREPROCESSOR_DEFINITIONS = (
					"DEBUG=1",
					"$(inherited)",
				);
				GCC_WARN_64_TO_32_BIT_CONVERSION = YES;
				GCC_WARN_ABOUT_RETURN_TYPE = YES_ERROR;
				GCC_WARN_UNDECLARED_SELECTOR = YES;
				GCC_WARN_UNINITIALIZED_AUTOS = YES_AGGRESSIVE;
				GCC_WARN_UNUSED_FUNCTION = YES;
				GCC_WARN_UNUSED_VARIABLE = YES;
				LOCALIZATION_PREFERS_STRING_CATALOGS = YES;
				MACOSX_DEPLOYMENT_TARGET = 14.3;
				MTL_ENABLE_DEBUG_INFO = INCLUDE_SOURCE;
				MTL_FAST_MATH = YES;
				ONLY_ACTIVE_ARCH = YES;
				SDKROOT = macosx;
				SWIFT_ACTIVE_COMPILATION_CONDITIONS = "DEBUG $(inherited)";
				SWIFT_OPTIMIZATION_LEVEL = "-Onone";
			};
			name = Debug;
		};
		9793A00C2BA1118900C4689E /* Release */ = {
			isa = XCBuildConfiguration;
			buildSettings = {
				ALWAYS_SEARCH_USER_PATHS = NO;
				ASSETCATALOG_COMPILER_GENERATE_SWIFT_ASSET_SYMBOL_EXTENSIONS = YES;
				CLANG_ANALYZER_NONNULL = YES;
				CLANG_ANALYZER_NUMBER_OBJECT_CONVERSION = YES_AGGRESSIVE;
				CLANG_CXX_LANGUAGE_STANDARD = "gnu++20";
				CLANG_ENABLE_MODULES = YES;
				CLANG_ENABLE_OBJC_ARC = YES;
				CLANG_ENABLE_OBJC_WEAK = YES;
				CLANG_WARN_BLOCK_CAPTURE_AUTORELEASING = YES;
				CLANG_WARN_BOOL_CONVERSION = YES;
				CLANG_WARN_COMMA = YES;
				CLANG_WARN_CONSTANT_CONVERSION = YES;
				CLANG_WARN_DEPRECATED_OBJC_IMPLEMENTATIONS = YES;
				CLANG_WARN_DIRECT_OBJC_ISA_USAGE = YES_ERROR;
				CLANG_WARN_DOCUMENTATION_COMMENTS = YES;
				CLANG_WARN_EMPTY_BODY = YES;
				CLANG_WARN_ENUM_CONVERSION = YES;
				CLANG_WARN_INFINITE_RECURSION = YES;
				CLANG_WARN_INT_CONVERSION = YES;
				CLANG_WARN_NON_LITERAL_NULL_CONVERSION = YES;
				CLANG_WARN_OBJC_IMPLICIT_RETAIN_SELF = YES;
				CLANG_WARN_OBJC_LITERAL_CONVERSION = YES;
				CLANG_WARN_OBJC_ROOT_CLASS = YES_ERROR;
				CLANG_WARN_QUOTED_INCLUDE_IN_FRAMEWORK_HEADER = YES;
				CLANG_WARN_RANGE_LOOP_ANALYSIS = YES;
				CLANG_WARN_STRICT_PROTOTYPES = YES;
				CLANG_WARN_SUSPICIOUS_MOVE = YES;
				CLANG_WARN_UNGUARDED_AVAILABILITY = YES_AGGRESSIVE;
				CLANG_WARN_UNREACHABLE_CODE = YES;
				CLANG_WARN__DUPLICATE_METHOD_MATCH = YES;
				COPY_PHASE_STRIP = NO;
				DEBUG_INFORMATION_FORMAT = "dwarf-with-dsym";
				ENABLE_NS_ASSERTIONS = NO;
				ENABLE_STRICT_OBJC_MSGSEND = YES;
				ENABLE_USER_SCRIPT_SANDBOXING = YES;
				GCC_C_LANGUAGE_STANDARD = gnu17;
				GCC_NO_COMMON_BLOCKS = YES;
				GCC_WARN_64_TO_32_BIT_CONVERSION = YES;
				GCC_WARN_ABOUT_RETURN_TYPE = YES_ERROR;
				GCC_WARN_UNDECLARED_SELECTOR = YES;
				GCC_WARN_UNINITIALIZED_AUTOS = YES_AGGRESSIVE;
				GCC_WARN_UNUSED_FUNCTION = YES;
				GCC_WARN_UNUSED_VARIABLE = YES;
				LOCALIZATION_PREFERS_STRING_CATALOGS = YES;
				MACOSX_DEPLOYMENT_TARGET = 14.3;
				MTL_ENABLE_DEBUG_INFO = NO;
				MTL_FAST_MATH = YES;
				SDKROOT = macosx;
				SWIFT_COMPILATION_MODE = wholemodule;
			};
			name = Release;
		};
		9793A00E2BA1118900C4689E /* Debug */ = {
			isa = XCBuildConfiguration;
			buildSettings = {
				ASSETCATALOG_COMPILER_APPICON_NAME = AppIcon;
				ASSETCATALOG_COMPILER_GLOBAL_ACCENT_COLOR_NAME = AccentColor;
				CODE_SIGN_ENTITLEMENTS = "swiftui-drage/swiftui_drage.entitlements";
				CODE_SIGN_STYLE = Automatic;
				COMBINE_HIDPI_IMAGES = YES;
				CURRENT_PROJECT_VERSION = 1;
				DEVELOPMENT_ASSET_PATHS = "\"swiftui-drage/Preview Content\"";
				DEVELOPMENT_TEAM = 7QPZTLEJ7L;
				ENABLE_HARDENED_RUNTIME = YES;
				ENABLE_PREVIEWS = YES;
				GENERATE_INFOPLIST_FILE = YES;
				INFOPLIST_KEY_NSHumanReadableCopyright = "";
				LD_RUNPATH_SEARCH_PATHS = (
					"$(inherited)",
					"@executable_path/../Frameworks",
				);
				MARKETING_VERSION = 1.0;
				PRODUCT_BUNDLE_IDENTIFIER = "com.gamerocketstudio.swiftui-drage";
				PRODUCT_NAME = "$(TARGET_NAME)";
				SWIFT_EMIT_LOC_STRINGS = YES;
				SWIFT_VERSION = 5.0;
			};
			name = Debug;
		};
		9793A00F2BA1118900C4689E /* Release */ = {
			isa = XCBuildConfiguration;
			buildSettings = {
				ASSETCATALOG_COMPILER_APPICON_NAME = AppIcon;
				ASSETCATALOG_COMPILER_GLOBAL_ACCENT_COLOR_NAME = AccentColor;
				CODE_SIGN_ENTITLEMENTS = "swiftui-drage/swiftui_drage.entitlements";
				CODE_SIGN_STYLE = Automatic;
				COMBINE_HIDPI_IMAGES = YES;
				CURRENT_PROJECT_VERSION = 1;
				DEVELOPMENT_ASSET_PATHS = "\"swiftui-drage/Preview Content\"";
				DEVELOPMENT_TEAM = 7QPZTLEJ7L;
				ENABLE_HARDENED_RUNTIME = YES;
				ENABLE_PREVIEWS = YES;
				GENERATE_INFOPLIST_FILE = YES;
				INFOPLIST_KEY_NSHumanReadableCopyright = "";
				LD_RUNPATH_SEARCH_PATHS = (
					"$(inherited)",
					"@executable_path/../Frameworks",
				);
				MARKETING_VERSION = 1.0;
				PRODUCT_BUNDLE_IDENTIFIER = "com.gamerocketstudio.swiftui-drage";
				PRODUCT_NAME = "$(TARGET_NAME)";
				SWIFT_EMIT_LOC_STRINGS = YES;
				SWIFT_VERSION = 5.0;
			};
			name = Release;
		};
		9793A0112BA1118900C4689E /* Debug */ = {
			isa = XCBuildConfiguration;
			buildSettings = {
				ALWAYS_EMBED_SWIFT_STANDARD_LIBRARIES = YES;
				BUNDLE_LOADER = "$(TEST_HOST)";
				CODE_SIGN_STYLE = Automatic;
				CURRENT_PROJECT_VERSION = 1;
				DEVELOPMENT_TEAM = 7QPZTLEJ7L;
				GENERATE_INFOPLIST_FILE = YES;
				MACOSX_DEPLOYMENT_TARGET = 14.3;
				MARKETING_VERSION = 1.0;
				PRODUCT_BUNDLE_IDENTIFIER = "com.gamerocketstudio.swiftui-drageTests";
				PRODUCT_NAME = "$(TARGET_NAME)";
				SWIFT_EMIT_LOC_STRINGS = NO;
				SWIFT_VERSION = 5.0;
				TEST_HOST = "$(BUILT_PRODUCTS_DIR)/swiftui-drage.app/$(BUNDLE_EXECUTABLE_FOLDER_PATH)/swiftui-drage";
			};
			name = Debug;
		};
		9793A0122BA1118900C4689E /* Release */ = {
			isa = XCBuildConfiguration;
			buildSettings = {
				ALWAYS_EMBED_SWIFT_STANDARD_LIBRARIES = YES;
				BUNDLE_LOADER = "$(TEST_HOST)";
				CODE_SIGN_STYLE = Automatic;
				CURRENT_PROJECT_VERSION = 1;
				DEVELOPMENT_TEAM = 7QPZTLEJ7L;
				GENERATE_INFOPLIST_FILE = YES;
				MACOSX_DEPLOYMENT_TARGET = 14.3;
				MARKETING_VERSION = 1.0;
				PRODUCT_BUNDLE_IDENTIFIER = "com.gamerocketstudio.swiftui-drageTests";
				PRODUCT_NAME = "$(TARGET_NAME)";
				SWIFT_EMIT_LOC_STRINGS = NO;
				SWIFT_VERSION = 5.0;
				TEST_HOST = "$(BUILT_PRODUCTS_DIR)/swiftui-drage.app/$(BUNDLE_EXECUTABLE_FOLDER_PATH)/swiftui-drage";
			};
			name = Release;
		};
		9793A0142BA1118900C4689E /* Debug */ = {
			isa = XCBuildConfiguration;
			buildSettings = {
				ALWAYS_EMBED_SWIFT_STANDARD_LIBRARIES = YES;
				CODE_SIGN_STYLE = Automatic;
				CURRENT_PROJECT_VERSION = 1;
				DEVELOPMENT_TEAM = 7QPZTLEJ7L;
				GENERATE_INFOPLIST_FILE = YES;
				MARKETING_VERSION = 1.0;
				PRODUCT_BUNDLE_IDENTIFIER = "com.gamerocketstudio.swiftui-drageUITests";
				PRODUCT_NAME = "$(TARGET_NAME)";
				SWIFT_EMIT_LOC_STRINGS = NO;
				SWIFT_VERSION = 5.0;
				TEST_TARGET_NAME = "swiftui-drage";
			};
			name = Debug;
		};
		9793A0152BA1118900C4689E /* Release */ = {
			isa = XCBuildConfiguration;
			buildSettings = {
				ALWAYS_EMBED_SWIFT_STANDARD_LIBRARIES = YES;
				CODE_SIGN_STYLE = Automatic;
				CURRENT_PROJECT_VERSION = 1;
				DEVELOPMENT_TEAM = 7QPZTLEJ7L;
				GENERATE_INFOPLIST_FILE = YES;
				MARKETING_VERSION = 1.0;
				PRODUCT_BUNDLE_IDENTIFIER = "com.gamerocketstudio.swiftui-drageUITests";
				PRODUCT_NAME = "$(TARGET_NAME)";
				SWIFT_EMIT_LOC_STRINGS = NO;
				SWIFT_VERSION = 5.0;
				TEST_TARGET_NAME = "swiftui-drage";
			};
			name = Release;
		};
/* End XCBuildConfiguration section */

/* Begin XCConfigurationList section */
		97939FE32BA1118600C4689E /* Build configuration list for PBXProject "swiftui-drage" */ = {
			isa = XCConfigurationList;
			buildConfigurations = (
				9793A00B2BA1118900C4689E /* Debug */,
				9793A00C2BA1118900C4689E /* Release */,
			);
			defaultConfigurationIsVisible = 0;
			defaultConfigurationName = Release;
		};
		9793A00D2BA1118900C4689E /* Build configuration list for PBXNativeTarget "swiftui-drage" */ = {
			isa = XCConfigurationList;
			buildConfigurations = (
				9793A00E2BA1118900C4689E /* Debug */,
				9793A00F2BA1118900C4689E /* Release */,
			);
			defaultConfigurationIsVisible = 0;
			defaultConfigurationName = Release;
		};
		9793A0102BA1118900C4689E /* Build configuration list for PBXNativeTarget "swiftui-drageTests" */ = {
			isa = XCConfigurationList;
			buildConfigurations = (
				9793A0112BA1118900C4689E /* Debug */,
				9793A0122BA1118900C4689E /* Release */,
			);
			defaultConfigurationIsVisible = 0;
			defaultConfigurationName = Release;
		};
		9793A0132BA1118900C4689E /* Build configuration list for PBXNativeTarget "swiftui-drageUITests" */ = {
			isa = XCConfigurationList;
			buildConfigurations = (
				9793A0142BA1118900C4689E /* Debug */,
				9793A0152BA1118900C4689E /* Release */,
			);
			defaultConfigurationIsVisible = 0;
			defaultConfigurationName = Release;
		};
/* End XCConfigurationList section */
	};
	rootObject = 97939FE02BA1118600C4689E /* Project object */;
}
